# This file is automatically @generated by Wally.
# It is not intended for manual editing.
registry = "test"

[[package]]
name = "brian/build-the-strongest-anime-team"
version = "0.1.0"
dependencies = [["cmdr", "evaera/cmdr@1.13.0"], ["roact", "roblox/roact@1.4.4"], ["ui-labs", "pepeeltoro41/ui-labs@2.4.2"]]

[[package]]
name = "evaera/cmdr"
version = "1.13.0"
dependencies = []

[[package]]
name = "pepeeltoro41/ui-labs"
version = "2.4.2"
dependencies = []

[[package]]
name = "roblox/roact"
version = "1.4.4"
dependencies = []
